// !$*UTF8*$!
{
	archiveVersion = 1;
	classes = {
	};
	objectVersion = 46;
	objects = {

/* Begin PBXBuildFile section */
		23BF27AA1BF0F6E10098F061 /* main.m in Sources */ = {isa = PBXBuildFile; fileRef = 23BF27A91BF0F6E10098F061 /* main.m */; };
		23BF27AD1BF0F6E10098F061 /* AppDelegate.m in Sources */ = {isa = PBXBuildFile; fileRef = 23BF27AC1BF0F6E10098F061 /* AppDelegate.m */; };
		23BF27B01BF0F6E10098F061 /* ViewController.m in Sources */ = {isa = PBXBuildFile; fileRef = 23BF27AF1BF0F6E10098F061 /* ViewController.m */; };
		23BF27B31BF0F6E10098F061 /* Main.storyboard in Resources */ = {isa = PBXBuildFile; fileRef = 23BF27B11BF0F6E10098F061 /* Main.storyboard */; };
		23BF27B61BF0F6E10098F061 /* AgendaDeContatos.xcdatamodeld in Sources */ = {isa = PBXBuildFile; fileRef = 23BF27B41BF0F6E10098F061 /* AgendaDeContatos.xcdatamodeld */; };
		23BF27B81BF0F6E10098F061 /* Assets.xcassets in Resources */ = {isa = PBXBuildFile; fileRef = 23BF27B71BF0F6E10098F061 /* Assets.xcassets */; };
		23BF27BB1BF0F6E10098F061 /* LaunchScreen.storyboard in Resources */ = {isa = PBXBuildFile; fileRef = 23BF27B91BF0F6E10098F061 /* LaunchScreen.storyboard */; };
		23BF27C61BF0F6E10098F061 /* AgendaDeContatosTests.m in Sources */ = {isa = PBXBuildFile; fileRef = 23BF27C51BF0F6E10098F061 /* AgendaDeContatosTests.m */; };
		23BF27D11BF0F6E10098F061 /* AgendaDeContatosUITests.m in Sources */ = {isa = PBXBuildFile; fileRef = 23BF27D01BF0F6E10098F061 /* AgendaDeContatosUITests.m */; };
		23BF27E01BF104B80098F061 /* Contato.m in Sources */ = {isa = PBXBuildFile; fileRef = 23BF27DF1BF104B80098F061 /* Contato.m */; };
		23BF27E31BF10AB90098F061 /* ListaContatosViewController.m in Sources */ = {isa = PBXBuildFile; fileRef = 23BF27E21BF10AB90098F061 /* ListaContatosViewController.m */; };
		23BF27E61BF159850098F061 /* ContatoDAO.m in Sources */ = {isa = PBXBuildFile; fileRef = 23BF27E51BF159850098F061 /* ContatoDAO.m */; };
/* End PBXBuildFile section */

/* Begin PBXContainerItemProxy section */
		23BF27C21BF0F6E10098F061 /* PBXContainerItemProxy */ = {
			isa = PBXContainerItemProxy;
			containerPortal = 23BF279D1BF0F6E00098F061 /* Project object */;
			proxyType = 1;
			remoteGlobalIDString = 23BF27A41BF0F6E10098F061;
			remoteInfo = AgendaDeContatos;
		};
		23BF27CD1BF0F6E10098F061 /* PBXContainerItemProxy */ = {
			isa = PBXContainerItemProxy;
			containerPortal = 23BF279D1BF0F6E00098F061 /* Project object */;
			proxyType = 1;
			remoteGlobalIDString = 23BF27A41BF0F6E10098F061;
			remoteInfo = AgendaDeContatos;
		};
/* End PBXContainerItemProxy section */

/* Begin PBXFileReference section */
		23BF27A51BF0F6E10098F061 /* AgendaDeContatos.app */ = {isa = PBXFileReference; explicitFileType = wrapper.application; includeInIndex = 0; path = AgendaDeContatos.app; sourceTree = BUILT_PRODUCTS_DIR; };
		23BF27A91BF0F6E10098F061 /* main.m */ = {isa = PBXFileReference; lastKnownFileType = sourcecode.c.objc; path = main.m; sourceTree = "<group>"; };
		23BF27AB1BF0F6E10098F061 /* AppDelegate.h */ = {isa = PBXFileReference; lastKnownFileType = sourcecode.c.h; path = AppDelegate.h; sourceTree = "<group>"; };
		23BF27AC1BF0F6E10098F061 /* AppDelegate.m */ = {isa = PBXFileReference; lastKnownFileType = sourcecode.c.objc; path = AppDelegate.m; sourceTree = "<group>"; };
		23BF27AE1BF0F6E10098F061 /* ViewController.h */ = {isa = PBXFileReference; lastKnownFileType = sourcecode.c.h; path = ViewController.h; sourceTree = "<group>"; };
		23BF27AF1BF0F6E10098F061 /* ViewController.m */ = {isa = PBXFileReference; lastKnownFileType = sourcecode.c.objc; path = ViewController.m; sourceTree = "<group>"; };
		23BF27B21BF0F6E10098F061 /* Base */ = {isa = PBXFileReference; lastKnownFileType = file.storyboard; name = Base; path = Base.lproj/Main.storyboard; sourceTree = "<group>"; };
		23BF27B51BF0F6E10098F061 /* AgendaDeContatos.xcdatamodel */ = {isa = PBXFileReference; lastKnownFileType = wrapper.xcdatamodel; path = AgendaDeContatos.xcdatamodel; sourceTree = "<group>"; };
		23BF27B71BF0F6E10098F061 /* Assets.xcassets */ = {isa = PBXFileReference; lastKnownFileType = folder.assetcatalog; path = Assets.xcassets; sourceTree = "<group>"; };
		23BF27BA1BF0F6E10098F061 /* Base */ = {isa = PBXFileReference; lastKnownFileType = file.storyboard; name = Base; path = Base.lproj/LaunchScreen.storyboard; sourceTree = "<group>"; };
		23BF27BC1BF0F6E10098F061 /* Info.plist */ = {isa = PBXFileReference; lastKnownFileType = text.plist.xml; path = Info.plist; sourceTree = "<group>"; };
		23BF27C11BF0F6E10098F061 /* AgendaDeContatosTests.xctest */ = {isa = PBXFileReference; explicitFileType = wrapper.cfbundle; includeInIndex = 0; path = AgendaDeContatosTests.xctest; sourceTree = BUILT_PRODUCTS_DIR; };
		23BF27C51BF0F6E10098F061 /* AgendaDeContatosTests.m */ = {isa = PBXFileReference; lastKnownFileType = sourcecode.c.objc; path = AgendaDeContatosTests.m; sourceTree = "<group>"; };
		23BF27C71BF0F6E10098F061 /* Info.plist */ = {isa = PBXFileReference; lastKnownFileType = text.plist.xml; path = Info.plist; sourceTree = "<group>"; };
		23BF27CC1BF0F6E10098F061 /* AgendaDeContatosUITests.xctest */ = {isa = PBXFileReference; explicitFileType = wrapper.cfbundle; includeInIndex = 0; path = AgendaDeContatosUITests.xctest; sourceTree = BUILT_PRODUCTS_DIR; };
		23BF27D01BF0F6E10098F061 /* AgendaDeContatosUITests.m */ = {isa = PBXFileReference; lastKnownFileType = sourcecode.c.objc; path = AgendaDeContatosUITests.m; sourceTree = "<group>"; };
		23BF27D21BF0F6E10098F061 /* Info.plist */ = {isa = PBXFileReference; lastKnownFileType = text.plist.xml; path = Info.plist; sourceTree = "<group>"; };
		23BF27DE1BF104B70098F061 /* Contato.h */ = {isa = PBXFileReference; fileEncoding = 4; lastKnownFileType = sourcecode.c.h; path = Contato.h; sourceTree = "<group>"; };
		23BF27DF1BF104B80098F061 /* Contato.m */ = {isa = PBXFileReference; fileEncoding = 4; lastKnownFileType = sourcecode.c.objc; path = Contato.m; sourceTree = "<group>"; };
		23BF27E11BF10AB90098F061 /* ListaContatosViewController.h */ = {isa = PBXFileReference; fileEncoding = 4; lastKnownFileType = sourcecode.c.h; path = ListaContatosViewController.h; sourceTree = "<group>"; };
		23BF27E21BF10AB90098F061 /* ListaContatosViewController.m */ = {isa = PBXFileReference; fileEncoding = 4; lastKnownFileType = sourcecode.c.objc; path = ListaContatosViewController.m; sourceTree = "<group>"; };
		23BF27E41BF159850098F061 /* ContatoDAO.h */ = {isa = PBXFileReference; fileEncoding = 4; lastKnownFileType = sourcecode.c.h; path = ContatoDAO.h; sourceTree = "<group>"; };
		23BF27E51BF159850098F061 /* ContatoDAO.m */ = {isa = PBXFileReference; fileEncoding = 4; lastKnownFileType = sourcecode.c.objc; path = ContatoDAO.m; sourceTree = "<group>"; };
/* End PBXFileReference section */

/* Begin PBXFrameworksBuildPhase section */
		23BF27A21BF0F6E10098F061 /* Frameworks */ = {
			isa = PBXFrameworksBuildPhase;
			buildActionMask = 2147483647;
			files = (
			);
			runOnlyForDeploymentPostprocessing = 0;
		};
		23BF27BE1BF0F6E10098F061 /* Frameworks */ = {
			isa = PBXFrameworksBuildPhase;
			buildActionMask = 2147483647;
			files = (
			);
			runOnlyForDeploymentPostprocessing = 0;
		};
		23BF27C91BF0F6E10098F061 /* Frameworks */ = {
			isa = PBXFrameworksBuildPhase;
			buildActionMask = 2147483647;
			files = (
			);
			runOnlyForDeploymentPostprocessing = 0;
		};
/* End PBXFrameworksBuildPhase section */

/* Begin PBXGroup section */
		23BF279C1BF0F6E00098F061 = {
			isa = PBXGroup;
			children = (
				23BF27A71BF0F6E10098F061 /* AgendaDeContatos */,
				23BF27C41BF0F6E10098F061 /* AgendaDeContatosTests */,
				23BF27CF1BF0F6E10098F061 /* AgendaDeContatosUITests */,
				23BF27A61BF0F6E10098F061 /* Products */,
			);
			sourceTree = "<group>";
		};
		23BF27A61BF0F6E10098F061 /* Products */ = {
			isa = PBXGroup;
			children = (
				23BF27A51BF0F6E10098F061 /* AgendaDeContatos.app */,
				23BF27C11BF0F6E10098F061 /* AgendaDeContatosTests.xctest */,
				23BF27CC1BF0F6E10098F061 /* AgendaDeContatosUITests.xctest */,
			);
			name = Products;
			sourceTree = "<group>";
		};
		23BF27A71BF0F6E10098F061 /* AgendaDeContatos */ = {
			isa = PBXGroup;
			children = (
				23BF27AB1BF0F6E10098F061 /* AppDelegate.h */,
				23BF27AC1BF0F6E10098F061 /* AppDelegate.m */,
				23BF27AE1BF0F6E10098F061 /* ViewController.h */,
				23BF27AF1BF0F6E10098F061 /* ViewController.m */,
				23BF27E11BF10AB90098F061 /* ListaContatosViewController.h */,
				23BF27E21BF10AB90098F061 /* ListaContatosViewController.m */,
				23BF27E41BF159850098F061 /* ContatoDAO.h */,
				23BF27E51BF159850098F061 /* ContatoDAO.m */,
				23BF27DE1BF104B70098F061 /* Contato.h */,
				23BF27DF1BF104B80098F061 /* Contato.m */,
				23BF27B11BF0F6E10098F061 /* Main.storyboard */,
				23BF27B71BF0F6E10098F061 /* Assets.xcassets */,
				23BF27B91BF0F6E10098F061 /* LaunchScreen.storyboard */,
				23BF27BC1BF0F6E10098F061 /* Info.plist */,
				23BF27B41BF0F6E10098F061 /* AgendaDeContatos.xcdatamodeld */,
				23BF27A81BF0F6E10098F061 /* Supporting Files */,
			);
			path = AgendaDeContatos;
			sourceTree = "<group>";
		};
		23BF27A81BF0F6E10098F061 /* Supporting Files */ = {
			isa = PBXGroup;
			children = (
				23BF27A91BF0F6E10098F061 /* main.m */,
			);
			name = "Supporting Files";
			sourceTree = "<group>";
		};
		23BF27C41BF0F6E10098F061 /* AgendaDeContatosTests */ = {
			isa = PBXGroup;
			children = (
				23BF27C51BF0F6E10098F061 /* AgendaDeContatosTests.m */,
				23BF27C71BF0F6E10098F061 /* Info.plist */,
			);
			path = AgendaDeContatosTests;
			sourceTree = "<group>";
		};
		23BF27CF1BF0F6E10098F061 /* AgendaDeContatosUITests */ = {
			isa = PBXGroup;
			children = (
				23BF27D01BF0F6E10098F061 /* AgendaDeContatosUITests.m */,
				23BF27D21BF0F6E10098F061 /* Info.plist */,
			);
			path = AgendaDeContatosUITests;
			sourceTree = "<group>";
		};
/* End PBXGroup section */

/* Begin PBXNativeTarget section */
		23BF27A41BF0F6E10098F061 /* AgendaDeContatos */ = {
			isa = PBXNativeTarget;
			buildConfigurationList = 23BF27D51BF0F6E10098F061 /* Build configuration list for PBXNativeTarget "AgendaDeContatos" */;
			buildPhases = (
				23BF27A11BF0F6E10098F061 /* Sources */,
				23BF27A21BF0F6E10098F061 /* Frameworks */,
				23BF27A31BF0F6E10098F061 /* Resources */,
			);
			buildRules = (
			);
			dependencies = (
			);
			name = AgendaDeContatos;
			productName = AgendaDeContatos;
			productReference = 23BF27A51BF0F6E10098F061 /* AgendaDeContatos.app */;
			productType = "com.apple.product-type.application";
		};
		23BF27C01BF0F6E10098F061 /* AgendaDeContatosTests */ = {
			isa = PBXNativeTarget;
			buildConfigurationList = 23BF27D81BF0F6E10098F061 /* Build configuration list for PBXNativeTarget "AgendaDeContatosTests" */;
			buildPhases = (
				23BF27BD1BF0F6E10098F061 /* Sources */,
				23BF27BE1BF0F6E10098F061 /* Frameworks */,
				23BF27BF1BF0F6E10098F061 /* Resources */,
			);
			buildRules = (
			);
			dependencies = (
				23BF27C31BF0F6E10098F061 /* PBXTargetDependency */,
			);
			name = AgendaDeContatosTests;
			productName = AgendaDeContatosTests;
			productReference = 23BF27C11BF0F6E10098F061 /* AgendaDeContatosTests.xctest */;
			productType = "com.apple.product-type.bundle.unit-test";
		};
		23BF27CB1BF0F6E10098F061 /* AgendaDeContatosUITests */ = {
			isa = PBXNativeTarget;
			buildConfigurationList = 23BF27DB1BF0F6E10098F061 /* Build configuration list for PBXNativeTarget "AgendaDeContatosUITests" */;
			buildPhases = (
				23BF27C81BF0F6E10098F061 /* Sources */,
				23BF27C91BF0F6E10098F061 /* Frameworks */,
				23BF27CA1BF0F6E10098F061 /* Resources */,
			);
			buildRules = (
			);
			dependencies = (
				23BF27CE1BF0F6E10098F061 /* PBXTargetDependency */,
			);
			name = AgendaDeContatosUITests;
			productName = AgendaDeContatosUITests;
			productReference = 23BF27CC1BF0F6E10098F061 /* AgendaDeContatosUITests.xctest */;
			productType = "com.apple.product-type.bundle.ui-testing";
		};
/* End PBXNativeTarget section */

/* Begin PBXProject section */
		23BF279D1BF0F6E00098F061 /* Project object */ = {
			isa = PBXProject;
			attributes = {
				LastUpgradeCheck = 0710;
				ORGANIZATIONNAME = CodingLab;
				TargetAttributes = {
					23BF27A41BF0F6E10098F061 = {
						CreatedOnToolsVersion = 7.1;
					};
					23BF27C01BF0F6E10098F061 = {
						CreatedOnToolsVersion = 7.1;
						TestTargetID = 23BF27A41BF0F6E10098F061;
					};
					23BF27CB1BF0F6E10098F061 = {
						CreatedOnToolsVersion = 7.1;
						TestTargetID = 23BF27A41BF0F6E10098F061;
					};
				};
			};
			buildConfigurationList = 23BF27A01BF0F6E00098F061 /* Build configuration list for PBXProject "AgendaDeContatos" */;
			compatibilityVersion = "Xcode 3.2";
			developmentRegion = English;
			hasScannedForEncodings = 0;
			knownRegions = (
				en,
				Base,
			);
			mainGroup = 23BF279C1BF0F6E00098F061;
			productRefGroup = 23BF27A61BF0F6E10098F061 /* Products */;
			projectDirPath = "";
			projectRoot = "";
			targets = (
				23BF27A41BF0F6E10098F061 /* AgendaDeContatos */,
				23BF27C01BF0F6E10098F061 /* AgendaDeContatosTests */,
				23BF27CB1BF0F6E10098F061 /* AgendaDeContatosUITests */,
			);
		};
/* End PBXProject section */

/* Begin PBXResourcesBuildPhase section */
		23BF27A31BF0F6E10098F061 /* Resources */ = {
			isa = PBXResourcesBuildPhase;
			buildActionMask = 2147483647;
			files = (
				23BF27BB1BF0F6E10098F061 /* LaunchScreen.storyboard in Resources */,
				23BF27B81BF0F6E10098F061 /* Assets.xcassets in Resources */,
				23BF27B31BF0F6E10098F061 /* Main.storyboard in Resources */,
			);
			runOnlyForDeploymentPostprocessing = 0;
		};
		23BF27BF1BF0F6E10098F061 /* Resources */ = {
			isa = PBXResourcesBuildPhase;
			buildActionMask = 2147483647;
			files = (
			);
			runOnlyForDeploymentPostprocessing = 0;
		};
		23BF27CA1BF0F6E10098F061 /* Resources */ = {
			isa = PBXResourcesBuildPhase;
			buildActionMask = 2147483647;
			files = (
			);
			runOnlyForDeploymentPostprocessing = 0;
		};
/* End PBXResourcesBuildPhase section */

/* Begin PBXSourcesBuildPhase section */
		23BF27A11BF0F6E10098F061 /* Sources */ = {
			isa = PBXSourcesBuildPhase;
			buildActionMask = 2147483647;
			files = (
				23BF27E01BF104B80098F061 /* Contato.m in Sources */,
				23BF27E31BF10AB90098F061 /* ListaContatosViewController.m in Sources */,
				23BF27B01BF0F6E10098F061 /* ViewController.m in Sources */,
				23BF27B61BF0F6E10098F061 /* AgendaDeContatos.xcdatamodeld in Sources */,
				23BF27E61BF159850098F061 /* ContatoDAO.m in Sources */,
				23BF27AD1BF0F6E10098F061 /* AppDelegate.m in Sources */,
				23BF27AA1BF0F6E10098F061 /* main.m in Sources */,
			);
			runOnlyForDeploymentPostprocessing = 0;
		};
		23BF27BD1BF0F6E10098F061 /* Sources */ = {
			isa = PBXSourcesBuildPhase;
			buildActionMask = 2147483647;
			files = (
				23BF27C61BF0F6E10098F061 /* AgendaDeContatosTests.m in Sources */,
			);
			runOnlyForDeploymentPostprocessing = 0;
		};
		23BF27C81BF0F6E10098F061 /* Sources */ = {
			isa = PBXSourcesBuildPhase;
			buildActionMask = 2147483647;
			files = (
				23BF27D11BF0F6E10098F061 /* AgendaDeContatosUITests.m in Sources */,
			);
			runOnlyForDeploymentPostprocessing = 0;
		};
/* End PBXSourcesBuildPhase section */

/* Begin PBXTargetDependency section */
		23BF27C31BF0F6E10098F061 /* PBXTargetDependency */ = {
			isa = PBXTargetDependency;
			target = 23BF27A41BF0F6E10098F061 /* AgendaDeContatos */;
			targetProxy = 23BF27C21BF0F6E10098F061 /* PBXContainerItemProxy */;
		};
		23BF27CE1BF0F6E10098F061 /* PBXTargetDependency */ = {
			isa = PBXTargetDependency;
			target = 23BF27A41BF0F6E10098F061 /* AgendaDeContatos */;
			targetProxy = 23BF27CD1BF0F6E10098F061 /* PBXContainerItemProxy */;
		};
/* End PBXTargetDependency section */

/* Begin PBXVariantGroup section */
		23BF27B11BF0F6E10098F061 /* Main.storyboard */ = {
			isa = PBXVariantGroup;
			children = (
				23BF27B21BF0F6E10098F061 /* Base */,
			);
			name = Main.storyboard;
			sourceTree = "<group>";
		};
		23BF27B91BF0F6E10098F061 /* LaunchScreen.storyboard */ = {
			isa = PBXVariantGroup;
			children = (
				23BF27BA1BF0F6E10098F061 /* Base */,
			);
			name = LaunchScreen.storyboard;
			sourceTree = "<group>";
		};
/* End PBXVariantGroup section */

/* Begin XCBuildConfiguration section */
		23BF27D31BF0F6E10098F061 /* Debug */ = {
			isa = XCBuildConfiguration;
			buildSettings = {
				ALWAYS_SEARCH_USER_PATHS = NO;
				CLANG_CXX_LANGUAGE_STANDARD = "gnu++0x";
				CLANG_CXX_LIBRARY = "libc++";
				CLANG_ENABLE_MODULES = YES;
				CLANG_ENABLE_OBJC_ARC = YES;
				CLANG_WARN_BOOL_CONVERSION = YES;
				CLANG_WARN_CONSTANT_CONVERSION = YES;
				CLANG_WARN_DIRECT_OBJC_ISA_USAGE = YES_ERROR;
				CLANG_WARN_EMPTY_BODY = YES;
				CLANG_WARN_ENUM_CONVERSION = YES;
				CLANG_WARN_INT_CONVERSION = YES;
				CLANG_WARN_OBJC_ROOT_CLASS = YES_ERROR;
				CLANG_WARN_UNREACHABLE_CODE = YES;
				CLANG_WARN__DUPLICATE_METHOD_MATCH = YES;
				"CODE_SIGN_IDENTITY[sdk=iphoneos*]" = "iPhone Developer";
				COPY_PHASE_STRIP = NO;
				DEBUG_INFORMATION_FORMAT = dwarf;
				ENABLE_STRICT_OBJC_MSGSEND = YES;
				ENABLE_TESTABILITY = YES;
				GCC_C_LANGUAGE_STANDARD = gnu99;
				GCC_DYNAMIC_NO_PIC = NO;
				GCC_NO_COMMON_BLOCKS = YES;
				GCC_OPTIMIZATION_LEVEL = 0;
				GCC_PREPROCESSOR_DEFINITIONS = (
					"DEBUG=1",
					"$(inherited)",
				);
				GCC_WARN_64_TO_32_BIT_CONVERSION = YES;
				GCC_WARN_ABOUT_RETURN_TYPE = YES_ERROR;
				GCC_WARN_UNDECLARED_SELECTOR = YES;
				GCC_WARN_UNINITIALIZED_AUTOS = YES_AGGRESSIVE;
				GCC_WARN_UNUSED_FUNCTION = YES;
				GCC_WARN_UNUSED_VARIABLE = YES;
				IPHONEOS_DEPLOYMENT_TARGET = 9.1;
				MTL_ENABLE_DEBUG_INFO = YES;
				ONLY_ACTIVE_ARCH = YES;
				SDKROOT = iphoneos;
			};
			name = Debug;
		};
		23BF27D41BF0F6E10098F061 /* Release */ = {
			isa = XCBuildConfiguration;
			buildSettings = {
				ALWAYS_SEARCH_USER_PATHS = NO;
				CLANG_CXX_LANGUAGE_STANDARD = "gnu++0x";
				CLANG_CXX_LIBRARY = "libc++";
				CLANG_ENABLE_MODULES = YES;
				CLANG_ENABLE_OBJC_ARC = YES;
				CLANG_WARN_BOOL_CONVERSION = YES;
				CLANG_WARN_CONSTANT_CONVERSION = YES;
				CLANG_WARN_DIRECT_OBJC_ISA_USAGE = YES_ERROR;
				CLANG_WARN_EMPTY_BODY = YES;
				CLANG_WARN_ENUM_CONVERSION = YES;
				CLANG_WARN_INT_CONVERSION = YES;
				CLANG_WARN_OBJC_ROOT_CLASS = YES_ERROR;
				CLANG_WARN_UNREACHABLE_CODE = YES;
				CLANG_WARN__DUPLICATE_METHOD_MATCH = YES;
				"CODE_SIGN_IDENTITY[sdk=iphoneos*]" = "iPhone Developer";
				COPY_PHASE_STRIP = NO;
				DEBUG_INFORMATION_FORMAT = "dwarf-with-dsym";
				ENABLE_NS_ASSERTIONS = NO;
				ENABLE_STRICT_OBJC_MSGSEND = YES;
				GCC_C_LANGUAGE_STANDARD = gnu99;
				GCC_NO_COMMON_BLOCKS = YES;
				GCC_WARN_64_TO_32_BIT_CONVERSION = YES;
				GCC_WARN_ABOUT_RETURN_TYPE = YES_ERROR;
				GCC_WARN_UNDECLARED_SELECTOR = YES;
				GCC_WARN_UNINITIALIZED_AUTOS = YES_AGGRESSIVE;
				GCC_WARN_UNUSED_FUNCTION = YES;
				GCC_WARN_UNUSED_VARIABLE = YES;
				IPHONEOS_DEPLOYMENT_TARGET = 9.1;
				MTL_ENABLE_DEBUG_INFO = NO;
				SDKROOT = iphoneos;
				VALIDATE_PRODUCT = YES;
			};
			name = Release;
		};
		23BF27D61BF0F6E10098F061 /* Debug */ = {
			isa = XCBuildConfiguration;
			buildSettings = {
				ASSETCATALOG_COMPILER_APPICON_NAME = AppIcon;
				INFOPLIST_FILE = AgendaDeContatos/Info.plist;
				LD_RUNPATH_SEARCH_PATHS = "$(inherited) @executable_path/Frameworks";
				PRODUCT_BUNDLE_IDENTIFIER = br.com.codinglab.AgendaDeContatos;
				PRODUCT_NAME = "$(TARGET_NAME)";
			};
			name = Debug;
		};
		23BF27D71BF0F6E10098F061 /* Release */ = {
			isa = XCBuildConfiguration;
			buildSettings = {
				ASSETCATALOG_COMPILER_APPICON_NAME = AppIcon;
				INFOPLIST_FILE = AgendaDeContatos/Info.plist;
				LD_RUNPATH_SEARCH_PATHS = "$(inherited) @executable_path/Frameworks";
				PRODUCT_BUNDLE_IDENTIFIER = br.com.codinglab.AgendaDeContatos;
				PRODUCT_NAME = "$(TARGET_NAME)";
			};
			name = Release;
		};
		23BF27D91BF0F6E10098F061 /* Debug */ = {
			isa = XCBuildConfiguration;
			buildSettings = {
				BUNDLE_LOADER = "$(TEST_HOST)";
				INFOPLIST_FILE = AgendaDeContatosTests/Info.plist;
				LD_RUNPATH_SEARCH_PATHS = "$(inherited) @executable_path/Frameworks @loader_path/Frameworks";
				PRODUCT_BUNDLE_IDENTIFIER = br.com.codinglab.AgendaDeContatosTests;
				PRODUCT_NAME = "$(TARGET_NAME)";
				TEST_HOST = "$(BUILT_PRODUCTS_DIR)/AgendaDeContatos.app/AgendaDeContatos";
			};
			name = Debug;
		};
		23BF27DA1BF0F6E10098F061 /* Release */ = {
			isa = XCBuildConfiguration;
			buildSettings = {
				BUNDLE_LOADER = "$(TEST_HOST)";
				INFOPLIST_FILE = AgendaDeContatosTests/Info.plist;
				LD_RUNPATH_SEARCH_PATHS = "$(inherited) @executable_path/Frameworks @loader_path/Frameworks";
				PRODUCT_BUNDLE_IDENTIFIER = br.com.codinglab.AgendaDeContatosTests;
				PRODUCT_NAME = "$(TARGET_NAME)";
				TEST_HOST = "$(BUILT_PRODUCTS_DIR)/AgendaDeContatos.app/AgendaDeContatos";
			};
			name = Release;
		};
		23BF27DC1BF0F6E10098F061 /* Debug */ = {
			isa = XCBuildConfiguration;
			buildSettings = {
				INFOPLIST_FILE = AgendaDeContatosUITests/Info.plist;
				LD_RUNPATH_SEARCH_PATHS = "$(inherited) @executable_path/Frameworks @loader_path/Frameworks";
				PRODUCT_BUNDLE_IDENTIFIER = br.com.codinglab.AgendaDeContatosUITests;
				PRODUCT_NAME = "$(TARGET_NAME)";
				TEST_TARGET_NAME = AgendaDeContatos;
				USES_XCTRUNNER = YES;
			};
			name = Debug;
		};
		23BF27DD1BF0F6E10098F061 /* Release */ = {
			isa = XCBuildConfiguration;
			buildSettings = {
				INFOPLIST_FILE = AgendaDeContatosUITests/Info.plist;
				LD_RUNPATH_SEARCH_PATHS = "$(inherited) @executable_path/Frameworks @loader_path/Frameworks";
				PRODUCT_BUNDLE_IDENTIFIER = br.com.codinglab.AgendaDeContatosUITests;
				PRODUCT_NAME = "$(TARGET_NAME)";
				TEST_TARGET_NAME = AgendaDeContatos;
				USES_XCTRUNNER = YES;
			};
			name = Release;
		};
/* End XCBuildConfiguration section */

/* Begin XCConfigurationList section */
		23BF27A01BF0F6E00098F061 /* Build configuration list for PBXProject "AgendaDeContatos" */ = {
			isa = XCConfigurationList;
			buildConfigurations = (
				23BF27D31BF0F6E10098F061 /* Debug */,
				23BF27D41BF0F6E10098F061 /* Release */,
			);
			defaultConfigurationIsVisible = 0;
			defaultConfigurationName = Release;
		};
		23BF27D51BF0F6E10098F061 /* Build configuration list for PBXNativeTarget "AgendaDeContatos" */ = {
			isa = XCConfigurationList;
			buildConfigurations = (
				23BF27D61BF0F6E10098F061 /* Debug */,
				23BF27D71BF0F6E10098F061 /* Release */,
			);
			defaultConfigurationIsVisible = 0;
		};
		23BF27D81BF0F6E10098F061 /* Build configuration list for PBXNativeTarget "AgendaDeContatosTests" */ = {
			isa = XCConfigurationList;
			buildConfigurations = (
				23BF27D91BF0F6E10098F061 /* Debug */,
				23BF27DA1BF0F6E10098F061 /* Release */,
			);
			defaultConfigurationIsVisible = 0;
		};
		23BF27DB1BF0F6E10098F061 /* Build configuration list for PBXNativeTarget "AgendaDeContatosUITests" */ = {
			isa = XCConfigurationList;
			buildConfigurations = (
				23BF27DC1BF0F6E10098F061 /* Debug */,
				23BF27DD1BF0F6E10098F061 /* Release */,
			);
			defaultConfigurationIsVisible = 0;
		};
/* End XCConfigurationList section */

/* Begin XCVersionGroup section */
		23BF27B41BF0F6E10098F061 /* AgendaDeContatos.xcdatamodeld */ = {
			isa = XCVersionGroup;
			children = (
				23BF27B51BF0F6E10098F061 /* AgendaDeContatos.xcdatamodel */,
			);
			currentVersion = 23BF27B51BF0F6E10098F061 /* AgendaDeContatos.xcdatamodel */;
			path = AgendaDeContatos.xcdatamodeld;
			sourceTree = "<group>";
			versionGroupType = wrapper.xcdatamodel;
		};
/* End XCVersionGroup section */
	};
	rootObject = 23BF279D1BF0F6E00098F061 /* Project object */;
}
